// !$*UTF8*$!
{
	archiveVersion = 1;
	classes = {
	};
	objectVersion = 46;
	objects = {

/* Begin PBXBuildFile section */
		308439EA1B071DD20051E4FB /* AppDelegate.swift in Sources */ = {isa = PBXBuildFile; fileRef = 308439E91B071DD20051E4FB /* AppDelegate.swift */; };
		308439EC1B071DD20051E4FB /* ViewController.swift in Sources */ = {isa = PBXBuildFile; fileRef = 308439EB1B071DD20051E4FB /* ViewController.swift */; };
		308439EF1B071DD20051E4FB /* Main.storyboard in Resources */ = {isa = PBXBuildFile; fileRef = 308439ED1B071DD20051E4FB /* Main.storyboard */; };
		308439F11B071DD20051E4FB /* Images.xcassets in Resources */ = {isa = PBXBuildFile; fileRef = 308439F01B071DD20051E4FB /* Images.xcassets */; };
		308439F41B071DD20051E4FB /* LaunchScreen.xib in Resources */ = {isa = PBXBuildFile; fileRef = 308439F21B071DD20051E4FB /* LaunchScreen.xib */; };
		30843A001B071DD20051E4FB /* Cat_YearsTests.swift in Sources */ = {isa = PBXBuildFile; fileRef = 308439FF1B071DD20051E4FB /* Cat_YearsTests.swift */; };
/* End PBXBuildFile section */

/* Begin PBXContainerItemProxy section */
		308439FA1B071DD20051E4FB /* PBXContainerItemProxy */ = {
			isa = PBXContainerItemProxy;
			containerPortal = 308439DC1B071DD20051E4FB /* Project object */;
			proxyType = 1;
			remoteGlobalIDString = 308439E31B071DD20051E4FB;
			remoteInfo = "Cat Years";
		};
/* End PBXContainerItemProxy section */

/* Begin PBXFileReference section */
		308439E41B071DD20051E4FB /* Cat Years.app */ = {isa = PBXFileReference; explicitFileType = wrapper.application; includeInIndex = 0; path = "Cat Years.app"; sourceTree = BUILT_PRODUCTS_DIR; };
		308439E81B071DD20051E4FB /* Info.plist */ = {isa = PBXFileReference; lastKnownFileType = text.plist.xml; path = Info.plist; sourceTree = "<group>"; };
		308439E91B071DD20051E4FB /* AppDelegate.swift */ = {isa = PBXFileReference; lastKnownFileType = sourcecode.swift; path = AppDelegate.swift; sourceTree = "<group>"; };
		308439EB1B071DD20051E4FB /* ViewController.swift */ = {isa = PBXFileReference; lastKnownFileType = sourcecode.swift; path = ViewController.swift; sourceTree = "<group>"; };
		308439EE1B071DD20051E4FB /* Base */ = {isa = PBXFileReference; lastKnownFileType = file.storyboard; name = Base; path = Base.lproj/Main.storyboard; sourceTree = "<group>"; };
		308439F01B071DD20051E4FB /* Images.xcassets */ = {isa = PBXFileReference; lastKnownFileType = folder.assetcatalog; path = Images.xcassets; sourceTree = "<group>"; };
		308439F31B071DD20051E4FB /* Base */ = {isa = PBXFileReference; lastKnownFileType = file.xib; name = Base; path = Base.lproj/LaunchScreen.xib; sourceTree = "<group>"; };
		308439F91B071DD20051E4FB /* Cat YearsTests.xctest */ = {isa = PBXFileReference; explicitFileType = wrapper.cfbundle; includeInIndex = 0; path = "Cat YearsTests.xctest"; sourceTree = BUILT_PRODUCTS_DIR; };
		308439FE1B071DD20051E4FB /* Info.plist */ = {isa = PBXFileReference; lastKnownFileType = text.plist.xml; path = Info.plist; sourceTree = "<group>"; };
		308439FF1B071DD20051E4FB /* Cat_YearsTests.swift */ = {isa = PBXFileReference; lastKnownFileType = sourcecode.swift; path = Cat_YearsTests.swift; sourceTree = "<group>"; };
/* End PBXFileReference section */

/* Begin PBXFrameworksBuildPhase section */
		308439E11B071DD20051E4FB /* Frameworks */ = {
			isa = PBXFrameworksBuildPhase;
			buildActionMask = 2147483647;
			files = (
			);
			runOnlyForDeploymentPostprocessing = 0;
		};
		308439F61B071DD20051E4FB /* Frameworks */ = {
			isa = PBXFrameworksBuildPhase;
			buildActionMask = 2147483647;
			files = (
			);
			runOnlyForDeploymentPostprocessing = 0;
		};
/* End PBXFrameworksBuildPhase section */

/* Begin PBXGroup section */
		308439DB1B071DD20051E4FB = {
			isa = PBXGroup;
			children = (
				308439E61B071DD20051E4FB /* Cat Years */,
				308439FC1B071DD20051E4FB /* Cat YearsTests */,
				308439E51B071DD20051E4FB /* Products */,
			);
			sourceTree = "<group>";
		};
		308439E51B071DD20051E4FB /* Products */ = {
			isa = PBXGroup;
			children = (
				308439E41B071DD20051E4FB /* Cat Years.app */,
				308439F91B071DD20051E4FB /* Cat YearsTests.xctest */,
			);
			name = Products;
			sourceTree = "<group>";
		};
		308439E61B071DD20051E4FB /* Cat Years */ = {
			isa = PBXGroup;
			children = (
				308439E91B071DD20051E4FB /* AppDelegate.swift */,
				308439EB1B071DD20051E4FB /* ViewController.swift */,
				308439ED1B071DD20051E4FB /* Main.storyboard */,
				308439F01B071DD20051E4FB /* Images.xcassets */,
				308439F21B071DD20051E4FB /* LaunchScreen.xib */,
				308439E71B071DD20051E4FB /* Supporting Files */,
			);
			path = "Cat Years";
			sourceTree = "<group>";
		};
		308439E71B071DD20051E4FB /* Supporting Files */ = {
			isa = PBXGroup;
			children = (
				308439E81B071DD20051E4FB /* Info.plist */,
			);
			name = "Supporting Files";
			sourceTree = "<group>";
		};
		308439FC1B071DD20051E4FB /* Cat YearsTests */ = {
			isa = PBXGroup;
			children = (
				308439FF1B071DD20051E4FB /* Cat_YearsTests.swift */,
				308439FD1B071DD20051E4FB /* Supporting Files */,
			);
			path = "Cat YearsTests";
			sourceTree = "<group>";
		};
		308439FD1B071DD20051E4FB /* Supporting Files */ = {
			isa = PBXGroup;
			children = (
				308439FE1B071DD20051E4FB /* Info.plist */,
			);
			name = "Supporting Files";
			sourceTree = "<group>";
		};
/* End PBXGroup section */

/* Begin PBXNativeTarget section */
		308439E31B071DD20051E4FB /* Cat Years */ = {
			isa = PBXNativeTarget;
			buildConfigurationList = 30843A031B071DD20051E4FB /* Build configuration list for PBXNativeTarget "Cat Years" */;
			buildPhases = (
				308439E01B071DD20051E4FB /* Sources */,
				308439E11B071DD20051E4FB /* Frameworks */,
				308439E21B071DD20051E4FB /* Resources */,
			);
			buildRules = (
			);
			dependencies = (
			);
			name = "Cat Years";
			productName = "Cat Years";
			productReference = 308439E41B071DD20051E4FB /* Cat Years.app */;
			productType = "com.apple.product-type.application";
		};
		308439F81B071DD20051E4FB /* Cat YearsTests */ = {
			isa = PBXNativeTarget;
			buildConfigurationList = 30843A061B071DD20051E4FB /* Build configuration list for PBXNativeTarget "Cat YearsTests" */;
			buildPhases = (
				308439F51B071DD20051E4FB /* Sources */,
				308439F61B071DD20051E4FB /* Frameworks */,
				308439F71B071DD20051E4FB /* Resources */,
			);
			buildRules = (
			);
			dependencies = (
				308439FB1B071DD20051E4FB /* PBXTargetDependency */,
			);
			name = "Cat YearsTests";
			productName = "Cat YearsTests";
			productReference = 308439F91B071DD20051E4FB /* Cat YearsTests.xctest */;
			productType = "com.apple.product-type.bundle.unit-test";
		};
/* End PBXNativeTarget section */

/* Begin PBXProject section */
		308439DC1B071DD20051E4FB /* Project object */ = {
			isa = PBXProject;
			attributes = {
				LastUpgradeCheck = 0630;
				ORGANIZATIONNAME = IceAuror;
				TargetAttributes = {
					308439E31B071DD20051E4FB = {
						CreatedOnToolsVersion = 6.3;
					};
					308439F81B071DD20051E4FB = {
						CreatedOnToolsVersion = 6.3;
						TestTargetID = 308439E31B071DD20051E4FB;
					};
				};
			};
			buildConfigurationList = 308439DF1B071DD20051E4FB /* Build configuration list for PBXProject "Cat Years" */;
			compatibilityVersion = "Xcode 3.2";
			developmentRegion = English;
			hasScannedForEncodings = 0;
			knownRegions = (
				en,
				Base,
			);
			mainGroup = 308439DB1B071DD20051E4FB;
			productRefGroup = 308439E51B071DD20051E4FB /* Products */;
			projectDirPath = "";
			projectRoot = "";
			targets = (
				308439E31B071DD20051E4FB /* Cat Years */,
				308439F81B071DD20051E4FB /* Cat YearsTests */,
			);
		};
/* End PBXProject section */

/* Begin PBXResourcesBuildPhase section */
		308439E21B071DD20051E4FB /* Resources */ = {
			isa = PBXResourcesBuildPhase;
			buildActionMask = 2147483647;
			files = (
				308439EF1B071DD20051E4FB /* Main.storyboard in Resources */,
				308439F41B071DD20051E4FB /* LaunchScreen.xib in Resources */,
				308439F11B071DD20051E4FB /* Images.xcassets in Resources */,
			);
			runOnlyForDeploymentPostprocessing = 0;
		};
		308439F71B071DD20051E4FB /* Resources */ = {
			isa = PBXResourcesBuildPhase;
			buildActionMask = 2147483647;
			files = (
			);
			runOnlyForDeploymentPostprocessing = 0;
		};
/* End PBXResourcesBuildPhase section */

/* Begin PBXSourcesBuildPhase section */
		308439E01B071DD20051E4FB /* Sources */ = {
			isa = PBXSourcesBuildPhase;
			buildActionMask = 2147483647;
			files = (
				308439EC1B071DD20051E4FB /* ViewController.swift in Sources */,
				308439EA1B071DD20051E4FB /* AppDelegate.swift in Sources */,
			);
			runOnlyForDeploymentPostprocessing = 0;
		};
		308439F51B071DD20051E4FB /* Sources */ = {
			isa = PBXSourcesBuildPhase;
			buildActionMask = 2147483647;
			files = (
				30843A001B071DD20051E4FB /* Cat_YearsTests.swift in Sources */,
			);
			runOnlyForDeploymentPostprocessing = 0;
		};
/* End PBXSourcesBuildPhase section */

/* Begin PBXTargetDependency section */
		308439FB1B071DD20051E4FB /* PBXTargetDependency */ = {
			isa = PBXTargetDependency;
			target = 308439E31B071DD20051E4FB /* Cat Years */;
			targetProxy = 308439FA1B071DD20051E4FB /* PBXContainerItemProxy */;
		};
/* End PBXTargetDependency section */

/* Begin PBXVariantGroup section */
		308439ED1B071DD20051E4FB /* Main.storyboard */ = {
			isa = PBXVariantGroup;
			children = (
				308439EE1B071DD20051E4FB /* Base */,
			);
			name = Main.storyboard;
			sourceTree = "<group>";
		};
		308439F21B071DD20051E4FB /* LaunchScreen.xib */ = {
			isa = PBXVariantGroup;
			children = (
				308439F31B071DD20051E4FB /* Base */,
			);
			name = LaunchScreen.xib;
			sourceTree = "<group>";
		};
/* End PBXVariantGroup section */

/* Begin XCBuildConfiguration section */
		30843A011B071DD20051E4FB /* Debug */ = {
			isa = XCBuildConfiguration;
			buildSettings = {
				ALWAYS_SEARCH_USER_PATHS = NO;
				CLANG_CXX_LANGUAGE_STANDARD = "gnu++0x";
				CLANG_CXX_LIBRARY = "libc++";
				CLANG_ENABLE_MODULES = YES;
				CLANG_ENABLE_OBJC_ARC = YES;
				CLANG_WARN_BOOL_CONVERSION = YES;
				CLANG_WARN_CONSTANT_CONVERSION = YES;
				CLANG_WARN_DIRECT_OBJC_ISA_USAGE = YES_ERROR;
				CLANG_WARN_EMPTY_BODY = YES;
				CLANG_WARN_ENUM_CONVERSION = YES;
				CLANG_WARN_INT_CONVERSION = YES;
				CLANG_WARN_OBJC_ROOT_CLASS = YES_ERROR;
				CLANG_WARN_UNREACHABLE_CODE = YES;
				CLANG_WARN__DUPLICATE_METHOD_MATCH = YES;
				"CODE_SIGN_IDENTITY[sdk=iphoneos*]" = "iPhone Developer";
				COPY_PHASE_STRIP = NO;
				DEBUG_INFORMATION_FORMAT = "dwarf-with-dsym";
				ENABLE_STRICT_OBJC_MSGSEND = YES;
				GCC_C_LANGUAGE_STANDARD = gnu99;
				GCC_DYNAMIC_NO_PIC = NO;
				GCC_NO_COMMON_BLOCKS = YES;
				GCC_OPTIMIZATION_LEVEL = 0;
				GCC_PREPROCESSOR_DEFINITIONS = (
					"DEBUG=1",
					"$(inherited)",
				);
				GCC_SYMBOLS_PRIVATE_EXTERN = NO;
				GCC_WARN_64_TO_32_BIT_CONVERSION = YES;
				GCC_WARN_ABOUT_RETURN_TYPE = YES_ERROR;
				GCC_WARN_UNDECLARED_SELECTOR = YES;
				GCC_WARN_UNINITIALIZED_AUTOS = YES_AGGRESSIVE;
				GCC_WARN_UNUSED_FUNCTION = YES;
				GCC_WARN_UNUSED_VARIABLE = YES;
				IPHONEOS_DEPLOYMENT_TARGET = 8.3;
				MTL_ENABLE_DEBUG_INFO = YES;
				ONLY_ACTIVE_ARCH = YES;
				SDKROOT = iphoneos;
				SWIFT_OPTIMIZATION_LEVEL = "-Onone";
			};
			name = Debug;
		};
		30843A021B071DD20051E4FB /* Release */ = {
			isa = XCBuildConfiguration;
			buildSettings = {
				ALWAYS_SEARCH_USER_PATHS = NO;
				CLANG_CXX_LANGUAGE_STANDARD = "gnu++0x";
				CLANG_CXX_LIBRARY = "libc++";
				CLANG_ENABLE_MODULES = YES;
				CLANG_ENABLE_OBJC_ARC = YES;
				CLANG_WARN_BOOL_CONVERSION = YES;
				CLANG_WARN_CONSTANT_CONVERSION = YES;
				CLANG_WARN_DIRECT_OBJC_ISA_USAGE = YES_ERROR;
				CLANG_WARN_EMPTY_BODY = YES;
				CLANG_WARN_ENUM_CONVERSION = YES;
				CLANG_WARN_INT_CONVERSION = YES;
				CLANG_WARN_OBJC_ROOT_CLASS = YES_ERROR;
				CLANG_WARN_UNREACHABLE_CODE = YES;
				CLANG_WARN__DUPLICATE_METHOD_MATCH = YES;
				"CODE_SIGN_IDENTITY[sdk=iphoneos*]" = "iPhone Developer";
				COPY_PHASE_STRIP = NO;
				DEBUG_INFORMATION_FORMAT = "dwarf-with-dsym";
				ENABLE_NS_ASSERTIONS = NO;
				ENABLE_STRICT_OBJC_MSGSEND = YES;
				GCC_C_LANGUAGE_STANDARD = gnu99;
				GCC_NO_COMMON_BLOCKS = YES;
				GCC_WARN_64_TO_32_BIT_CONVERSION = YES;
				GCC_WARN_ABOUT_RETURN_TYPE = YES_ERROR;
				GCC_WARN_UNDECLARED_SELECTOR = YES;
				GCC_WARN_UNINITIALIZED_AUTOS = YES_AGGRESSIVE;
				GCC_WARN_UNUSED_FUNCTION = YES;
				GCC_WARN_UNUSED_VARIABLE = YES;
				IPHONEOS_DEPLOYMENT_TARGET = 8.3;
				MTL_ENABLE_DEBUG_INFO = NO;
				SDKROOT = iphoneos;
				VALIDATE_PRODUCT = YES;
			};
			name = Release;
		};
		30843A041B071DD20051E4FB /* Debug */ = {
			isa = XCBuildConfiguration;
			buildSettings = {
				ASSETCATALOG_COMPILER_APPICON_NAME = AppIcon;
				INFOPLIST_FILE = "Cat Years/Info.plist";
				LD_RUNPATH_SEARCH_PATHS = "$(inherited) @executable_path/Frameworks";
				PRODUCT_NAME = "$(TARGET_NAME)";
			};
			name = Debug;
		};
		30843A051B071DD20051E4FB /* Release */ = {
			isa = XCBuildConfiguration;
			buildSettings = {
				ASSETCATALOG_COMPILER_APPICON_NAME = AppIcon;
				INFOPLIST_FILE = "Cat Years/Info.plist";
				LD_RUNPATH_SEARCH_PATHS = "$(inherited) @executable_path/Frameworks";
				PRODUCT_NAME = "$(TARGET_NAME)";
			};
			name = Release;
		};
		30843A071B071DD20051E4FB /* Debug */ = {
			isa = XCBuildConfiguration;
			buildSettings = {
				BUNDLE_LOADER = "$(TEST_HOST)";
				FRAMEWORK_SEARCH_PATHS = (
					"$(SDKROOT)/Developer/Library/Frameworks",
					"$(inherited)",
				);
				GCC_PREPROCESSOR_DEFINITIONS = (
					"DEBUG=1",
					"$(inherited)",
				);
				INFOPLIST_FILE = "Cat YearsTests/Info.plist";
				LD_RUNPATH_SEARCH_PATHS = "$(inherited) @executable_path/Frameworks @loader_path/Frameworks";
				PRODUCT_NAME = "$(TARGET_NAME)";
				TEST_HOST = "$(BUILT_PRODUCTS_DIR)/Cat Years.app/Cat Years";
			};
			name = Debug;
		};
		30843A081B071DD20051E4FB /* Release */ = {
			isa = XCBuildConfiguration;
			buildSettings = {
				BUNDLE_LOADER = "$(TEST_HOST)";
				FRAMEWORK_SEARCH_PATHS = (
					"$(SDKROOT)/Developer/Library/Frameworks",
					"$(inherited)",
				);
				INFOPLIST_FILE = "Cat YearsTests/Info.plist";
				LD_RUNPATH_SEARCH_PATHS = "$(inherited) @executable_path/Frameworks @loader_path/Frameworks";
				PRODUCT_NAME = "$(TARGET_NAME)";
				TEST_HOST = "$(BUILT_PRODUCTS_DIR)/Cat Years.app/Cat Years";
			};
			name = Release;
		};
/* End XCBuildConfiguration section */

/* Begin XCConfigurationList section */
		308439DF1B071DD20051E4FB /* Build configuration list for PBXProject "Cat Years" */ = {
			isa = XCConfigurationList;
			buildConfigurations = (
				30843A011B071DD20051E4FB /* Debug */,
				30843A021B071DD20051E4FB /* Release */,
			);
			defaultConfigurationIsVisible = 0;
			defaultConfigurationName = Release;
		};
		30843A031B071DD20051E4FB /* Build configuration list for PBXNativeTarget "Cat Years" */ = {
			isa = XCConfigurationList;
			buildConfigurations = (
				30843A041B071DD20051E4FB /* Debug */,
				30843A051B071DD20051E4FB /* Release */,
			);
			defaultConfigurationIsVisible = 0;
		};
		30843A061B071DD20051E4FB /* Build configuration list for PBXNativeTarget "Cat YearsTests" */ = {
			isa = XCConfigurationList;
			buildConfigurations = (
				30843A071B071DD20051E4FB /* Debug */,
				30843A081B071DD20051E4FB /* Release */,
			);
			defaultConfigurationIsVisible = 0;
		};
/* End XCConfigurationList section */
	};
	rootObject = 308439DC1B071DD20051E4FB /* Project object */;
}
